
Microsoft Visual Studio Solution File, Format Version 12.00
# Visual Studio Version 17
VisualStudioVersion = 17.5.33424.131
MinimumVisualStudioVersion = 10.0.40219.1
Project("{9A19103F-16F7-4668-BE54-9A1E7A4F7556}") = "CriandoApi6", "CriandoApi6.csproj", "{B1165D32-3541-40E1-8AAE-B40BC47E8B8D}"
EndProject
Project("{9A19103F-16F7-4668-BE54-9A1E7A4F7556}") = "CriandoApi6.Application", "..\CriandoApi6.Application\CriandoApi6.Application.csproj", "{28F94BD1-54DB-43F2-A7B1-D5B0023937A7}"
EndProject
Project("{FAE04EC0-301F-11D3-BF4B-00C04F79EFBC}") = "CriandoApi6.Repository", "..\CriandoApi6.Repository\CriandoApi6.Repository.csproj", "{317D4115-CCBF-4BB7-80F4-4A27856F25CB}"
EndProject
Global
	GlobalSection(SolutionConfigurationPlatforms) = preSolution
		Debug|Any CPU = Debug|Any CPU
		Release|Any CPU = Release|Any CPU
	EndGlobalSection
	GlobalSection(ProjectConfigurationPlatforms) = postSolution
		{B1165D32-3541-40E1-8AAE-B40BC47E8B8D}.Debug|Any CPU.ActiveCfg = Debug|Any CPU
		{B1165D32-3541-40E1-8AAE-B40BC47E8B8D}.Debug|Any CPU.Build.0 = Debug|Any CPU
		{B1165D32-3541-40E1-8AAE-B40BC47E8B8D}.Release|Any CPU.ActiveCfg = Release|Any CPU
		{B1165D32-3541-40E1-8AAE-B40BC47E8B8D}.Release|Any CPU.Build.0 = Release|Any CPU
		{28F94BD1-54DB-43F2-A7B1-D5B0023937A7}.Debug|Any CPU.ActiveCfg = Debug|Any CPU
		{28F94BD1-54DB-43F2-A7B1-D5B0023937A7}.Debug|Any CPU.Build.0 = Debug|Any CPU
		{28F94BD1-54DB-43F2-A7B1-D5B0023937A7}.Release|Any CPU.ActiveCfg = Release|Any CPU
		{28F94BD1-54DB-43F2-A7B1-D5B0023937A7}.Release|Any CPU.Build.0 = Release|Any CPU
		{317D4115-CCBF-4BB7-80F4-4A27856F25CB}.Debug|Any CPU.ActiveCfg = Debug|Any CPU
		{317D4115-CCBF-4BB7-80F4-4A27856F25CB}.Debug|Any CPU.Build.0 = Debug|Any CPU
		{317D4115-CCBF-4BB7-80F4-4A27856F25CB}.Release|Any CPU.ActiveCfg = Release|Any CPU
		{317D4115-CCBF-4BB7-80F4-4A27856F25CB}.Release|Any CPU.Build.0 = Release|Any CPU
	EndGlobalSection
	GlobalSection(SolutionProperties) = preSolution
		HideSolutionNode = FALSE
	EndGlobalSection
	GlobalSection(ExtensibilityGlobals) = postSolution
		SolutionGuid = {6DE198DD-2081-4F18-8DC2-FF7679275574}
	EndGlobalSection
EndGlobal
